
Microsoft Visual Studio Solution File, Format Version 12.00
Project("{FAE04EC0-301F-11D3-BF4B-00C04F79EFBC}") = "CQRSDemo", "CQRSDemo\CQRSDemo.csproj", "{18C0DEEE-9924-41EC-9321-88AB4CF6165A}"
EndProject
Global
	GlobalSection(SolutionConfigurationPlatforms) = preSolution
		Debug|Any CPU = Debug|Any CPU
		Release|Any CPU = Release|Any CPU
	EndGlobalSection
	GlobalSection(ProjectConfigurationPlatforms) = postSolution
		{18C0DEEE-9924-41EC-9321-88AB4CF6165A}.Debug|Any CPU.ActiveCfg = Debug|Any CPU
		{18C0DEEE-9924-41EC-9321-88AB4CF6165A}.Debug|Any CPU.Build.0 = Debug|Any CPU
		{18C0DEEE-9924-41EC-9321-88AB4CF6165A}.Release|Any CPU.ActiveCfg = Release|Any CPU
		{18C0DEEE-9924-41EC-9321-88AB4CF6165A}.Release|Any CPU.Build.0 = Release|Any CPU
	EndGlobalSection
EndGlobal
